
Microsoft Visual Studio Solution File, Format Version 12.00
# Visual Studio 15
VisualStudioVersion = 15.0.28010.2046
MinimumVisualStudioVersion = 10.0.40219.1
Project("{8BC9CEB8-8B4A-11D0-8D11-00A0C91BC942}") = "JungleAdnvanture", "JungleAdvanture\JungleAdvanture.vcxproj", "{A475B29E-BAED-437E-ACA0-EFAC380F1500}"
	ProjectSection(ProjectDependencies) = postProject
		{06635858-8331-4BE9-AA84-906284972CD7} = {06635858-8331-4BE9-AA84-906284972CD7}
	EndProjectSection
EndProject
Project("{8BC9CEB8-8B4A-11D0-8D11-00A0C91BC942}") = "EngineLibrary", "EngineLibrary\EngineLibrary.vcxproj", "{06635858-8331-4BE9-AA84-906284972CD7}"
EndProject
Global
	GlobalSection(SolutionConfigurationPlatforms) = preSolution
		Debug|x64 = Debug|x64
		Debug|x86 = Debug|x86
		Release|x64 = Release|x64
		Release|x86 = Release|x86
	EndGlobalSection
	GlobalSection(ProjectConfigurationPlatforms) = postSolution
		{A475B29E-BAED-437E-ACA0-EFAC380F1500}.Debug|x64.ActiveCfg = Debug|x64
		{A475B29E-BAED-437E-ACA0-EFAC380F1500}.Debug|x64.Build.0 = Debug|x64
		{A475B29E-BAED-437E-ACA0-EFAC380F1500}.Debug|x86.ActiveCfg = Debug|Win32
		{A475B29E-BAED-437E-ACA0-EFAC380F1500}.Debug|x86.Build.0 = Debug|Win32
		{A475B29E-BAED-437E-ACA0-EFAC380F1500}.Release|x64.ActiveCfg = Release|x64
		{A475B29E-BAED-437E-ACA0-EFAC380F1500}.Release|x64.Build.0 = Release|x64
		{A475B29E-BAED-437E-ACA0-EFAC380F1500}.Release|x86.ActiveCfg = Release|Win32
		{A475B29E-BAED-437E-ACA0-EFAC380F1500}.Release|x86.Build.0 = Release|Win32
		{06635858-8331-4BE9-AA84-906284972CD7}.Debug|x64.ActiveCfg = Debug|x64
		{06635858-8331-4BE9-AA84-906284972CD7}.Debug|x64.Build.0 = Debug|x64
		{06635858-8331-4BE9-AA84-906284972CD7}.Debug|x86.ActiveCfg = Debug|Win32
		{06635858-8331-4BE9-AA84-906284972CD7}.Debug|x86.Build.0 = Debug|Win32
		{06635858-8331-4BE9-AA84-906284972CD7}.Release|x64.ActiveCfg = Release|x64
		{06635858-8331-4BE9-AA84-906284972CD7}.Release|x64.Build.0 = Release|x64
		{06635858-8331-4BE9-AA84-906284972CD7}.Release|x86.ActiveCfg = Release|Win32
		{06635858-8331-4BE9-AA84-906284972CD7}.Release|x86.Build.0 = Release|Win32
	EndGlobalSection
	GlobalSection(SolutionProperties) = preSolution
		HideSolutionNode = FALSE
	EndGlobalSection
	GlobalSection(ExtensibilityGlobals) = postSolution
		SolutionGuid = {FAC81EA0-CD3C-4F29-8F85-978EDFE20E94}
	EndGlobalSection
EndGlobal
